
Microsoft Visual Studio Solution File, Format Version 12.00
# Visual Studio Version 16
VisualStudioVersion = 16.0.31624.102
MinimumVisualStudioVersion = 15.0.26124.0
Project("{2150E333-8FDC-42A3-9474-1A3956D46DE8}") = "src", "src", "{87CEDBD3-E2BA-49BD-9B8B-45498D3CD502}"
EndProject
Project("{9A19103F-16F7-4668-BE54-9A1E7A4F7556}") = "Sahra.Admin", "src\Sahra.Admin\Sahra.Admin.csproj", "{1CB8723C-AE97-410C-900C-B501BE316F2A}"
EndProject
Project("{9A19103F-16F7-4668-BE54-9A1E7A4F7556}") = "Sahra.STS.Identity", "src\Sahra.STS.Identity\Sahra.STS.Identity.csproj", "{B75643DC-67D9-4843-9997-4DA0FF72AE8D}"
EndProject
Project("{9A19103F-16F7-4668-BE54-9A1E7A4F7556}") = "Sahra.Admin.Api", "src\Sahra.Admin.Api\Sahra.Admin.Api.csproj", "{1E1935CC-B48A-4AD9-9399-4E718C73FF66}"
EndProject
Project("{9A19103F-16F7-4668-BE54-9A1E7A4F7556}") = "Sahra.Admin.EntityFramework.Shared", "src\Sahra.Admin.EntityFramework.Shared\Sahra.Admin.EntityFramework.Shared.csproj", "{829F4A9A-60F9-46D7-A5BD-B7294B7E7AF9}"
EndProject
Project("{9A19103F-16F7-4668-BE54-9A1E7A4F7556}") = "Sahra.Admin.EntityFramework.SqlServer", "src\Sahra.Admin.EntityFramework.SqlServer\Sahra.Admin.EntityFramework.SqlServer.csproj", "{8371BB90-CE9D-4F4F-B03A-1F1A909C84B8}"
EndProject
Project("{9A19103F-16F7-4668-BE54-9A1E7A4F7556}") = "Sahra.Shared", "src\Sahra.Shared\Sahra.Shared.csproj", "{49E230D3-53AB-46E8-8E27-F4B15224DAD4}"
EndProject
Project("{9A19103F-16F7-4668-BE54-9A1E7A4F7556}") = "Sahra.DataLayer", "Sahra.DataLayer\Sahra.DataLayer.csproj", "{75361587-F43A-4F11-BB82-24C2A9F3C237}"
EndProject
Project("{9A19103F-16F7-4668-BE54-9A1E7A4F7556}") = "Sahara.Common", "Sahara.Common\Sahara.Common.csproj", "{C5EC94C4-9E3C-4583-9E9B-821E91BEE137}"
EndProject
Project("{9A19103F-16F7-4668-BE54-9A1E7A4F7556}") = "Sahra.ViewModel", "Sahra.ViewModel\Sahra.ViewModel.csproj", "{0FE22DAA-FE25-4D10-8F26-2182DAAAD157}"
EndProject
Project("{9A19103F-16F7-4668-BE54-9A1E7A4F7556}") = "Sahra.Services", "Sahra.Services\Sahra.Services.csproj", "{467B82C1-69B8-46C0-8189-2DAEC5316A98}"
EndProject
Project("{9A19103F-16F7-4668-BE54-9A1E7A4F7556}") = "Sahra.Accelerator.Api", "Sahra.Accelerator.Api\Sahra.Accelerator.Api.csproj", "{D60F18CA-74C1-4E2B-815E-B41FADAE0D5A}"
EndProject
Project("{9A19103F-16F7-4668-BE54-9A1E7A4F7556}") = "ESahra.Api", "ESahra.Api\ESahra.Api.csproj", "{EC4C6046-FD46-4F7E-8226-B6B9AA77AE7F}"
EndProject
Project("{FAE04EC0-301F-11D3-BF4B-00C04F79EFBC}") = "Sahra.Admin.UI", "Sahra.Admin.UI\Sahra.Admin.UI.csproj", "{2F19DEC9-713E-4748-87FE-3A9BDC885E5F}"
EndProject
Global
	GlobalSection(SolutionConfigurationPlatforms) = preSolution
		Debug|Any CPU = Debug|Any CPU
		Debug|x64 = Debug|x64
		Debug|x86 = Debug|x86
		Release|Any CPU = Release|Any CPU
		Release|x64 = Release|x64
		Release|x86 = Release|x86
	EndGlobalSection
	GlobalSection(ProjectConfigurationPlatforms) = postSolution
		{1CB8723C-AE97-410C-900C-B501BE316F2A}.Debug|Any CPU.ActiveCfg = Debug|Any CPU
		{1CB8723C-AE97-410C-900C-B501BE316F2A}.Debug|Any CPU.Build.0 = Debug|Any CPU
		{1CB8723C-AE97-410C-900C-B501BE316F2A}.Debug|x64.ActiveCfg = Debug|Any CPU
		{1CB8723C-AE97-410C-900C-B501BE316F2A}.Debug|x64.Build.0 = Debug|Any CPU
		{1CB8723C-AE97-410C-900C-B501BE316F2A}.Debug|x86.ActiveCfg = Debug|Any CPU
		{1CB8723C-AE97-410C-900C-B501BE316F2A}.Debug|x86.Build.0 = Debug|Any CPU
		{1CB8723C-AE97-410C-900C-B501BE316F2A}.Release|Any CPU.ActiveCfg = Release|Any CPU
		{1CB8723C-AE97-410C-900C-B501BE316F2A}.Release|Any CPU.Build.0 = Release|Any CPU
		{1CB8723C-AE97-410C-900C-B501BE316F2A}.Release|x64.ActiveCfg = Release|Any CPU
		{1CB8723C-AE97-410C-900C-B501BE316F2A}.Release|x64.Build.0 = Release|Any CPU
		{1CB8723C-AE97-410C-900C-B501BE316F2A}.Release|x86.ActiveCfg = Release|Any CPU
		{1CB8723C-AE97-410C-900C-B501BE316F2A}.Release|x86.Build.0 = Release|Any CPU
		{B75643DC-67D9-4843-9997-4DA0FF72AE8D}.Debug|Any CPU.ActiveCfg = Debug|Any CPU
		{B75643DC-67D9-4843-9997-4DA0FF72AE8D}.Debug|Any CPU.Build.0 = Debug|Any CPU
		{B75643DC-67D9-4843-9997-4DA0FF72AE8D}.Debug|x64.ActiveCfg = Debug|Any CPU
		{B75643DC-67D9-4843-9997-4DA0FF72AE8D}.Debug|x64.Build.0 = Debug|Any CPU
		{B75643DC-67D9-4843-9997-4DA0FF72AE8D}.Debug|x86.ActiveCfg = Debug|Any CPU
		{B75643DC-67D9-4843-9997-4DA0FF72AE8D}.Debug|x86.Build.0 = Debug|Any CPU
		{B75643DC-67D9-4843-9997-4DA0FF72AE8D}.Release|Any CPU.ActiveCfg = Release|Any CPU
		{B75643DC-67D9-4843-9997-4DA0FF72AE8D}.Release|Any CPU.Build.0 = Release|Any CPU
		{B75643DC-67D9-4843-9997-4DA0FF72AE8D}.Release|x64.ActiveCfg = Release|Any CPU
		{B75643DC-67D9-4843-9997-4DA0FF72AE8D}.Release|x64.Build.0 = Release|Any CPU
		{B75643DC-67D9-4843-9997-4DA0FF72AE8D}.Release|x86.ActiveCfg = Release|Any CPU
		{B75643DC-67D9-4843-9997-4DA0FF72AE8D}.Release|x86.Build.0 = Release|Any CPU
		{1E1935CC-B48A-4AD9-9399-4E718C73FF66}.Debug|Any CPU.ActiveCfg = Debug|Any CPU
		{1E1935CC-B48A-4AD9-9399-4E718C73FF66}.Debug|Any CPU.Build.0 = Debug|Any CPU
		{1E1935CC-B48A-4AD9-9399-4E718C73FF66}.Debug|x64.ActiveCfg = Debug|Any CPU
		{1E1935CC-B48A-4AD9-9399-4E718C73FF66}.Debug|x64.Build.0 = Debug|Any CPU
		{1E1935CC-B48A-4AD9-9399-4E718C73FF66}.Debug|x86.ActiveCfg = Debug|Any CPU
		{1E1935CC-B48A-4AD9-9399-4E718C73FF66}.Debug|x86.Build.0 = Debug|Any CPU
		{1E1935CC-B48A-4AD9-9399-4E718C73FF66}.Release|Any CPU.ActiveCfg = Release|Any CPU
		{1E1935CC-B48A-4AD9-9399-4E718C73FF66}.Release|Any CPU.Build.0 = Release|Any CPU
		{1E1935CC-B48A-4AD9-9399-4E718C73FF66}.Release|x64.ActiveCfg = Release|Any CPU
		{1E1935CC-B48A-4AD9-9399-4E718C73FF66}.Release|x64.Build.0 = Release|Any CPU
		{1E1935CC-B48A-4AD9-9399-4E718C73FF66}.Release|x86.ActiveCfg = Release|Any CPU
		{1E1935CC-B48A-4AD9-9399-4E718C73FF66}.Release|x86.Build.0 = Release|Any CPU
		{829F4A9A-60F9-46D7-A5BD-B7294B7E7AF9}.Debug|Any CPU.ActiveCfg = Debug|Any CPU
		{829F4A9A-60F9-46D7-A5BD-B7294B7E7AF9}.Debug|Any CPU.Build.0 = Debug|Any CPU
		{829F4A9A-60F9-46D7-A5BD-B7294B7E7AF9}.Debug|x64.ActiveCfg = Debug|Any CPU
		{829F4A9A-60F9-46D7-A5BD-B7294B7E7AF9}.Debug|x64.Build.0 = Debug|Any CPU
		{829F4A9A-60F9-46D7-A5BD-B7294B7E7AF9}.Debug|x86.ActiveCfg = Debug|Any CPU
		{829F4A9A-60F9-46D7-A5BD-B7294B7E7AF9}.Debug|x86.Build.0 = Debug|Any CPU
		{829F4A9A-60F9-46D7-A5BD-B7294B7E7AF9}.Release|Any CPU.ActiveCfg = Release|Any CPU
		{829F4A9A-60F9-46D7-A5BD-B7294B7E7AF9}.Release|Any CPU.Build.0 = Release|Any CPU
		{829F4A9A-60F9-46D7-A5BD-B7294B7E7AF9}.Release|x64.ActiveCfg = Release|Any CPU
		{829F4A9A-60F9-46D7-A5BD-B7294B7E7AF9}.Release|x64.Build.0 = Release|Any CPU
		{829F4A9A-60F9-46D7-A5BD-B7294B7E7AF9}.Release|x86.ActiveCfg = Release|Any CPU
		{829F4A9A-60F9-46D7-A5BD-B7294B7E7AF9}.Release|x86.Build.0 = Release|Any CPU
		{8371BB90-CE9D-4F4F-B03A-1F1A909C84B8}.Debug|Any CPU.ActiveCfg = Debug|Any CPU
		{8371BB90-CE9D-4F4F-B03A-1F1A909C84B8}.Debug|Any CPU.Build.0 = Debug|Any CPU
		{8371BB90-CE9D-4F4F-B03A-1F1A909C84B8}.Debug|x64.ActiveCfg = Debug|Any CPU
		{8371BB90-CE9D-4F4F-B03A-1F1A909C84B8}.Debug|x64.Build.0 = Debug|Any CPU
		{8371BB90-CE9D-4F4F-B03A-1F1A909C84B8}.Debug|x86.ActiveCfg = Debug|Any CPU
		{8371BB90-CE9D-4F4F-B03A-1F1A909C84B8}.Debug|x86.Build.0 = Debug|Any CPU
		{8371BB90-CE9D-4F4F-B03A-1F1A909C84B8}.Release|Any CPU.ActiveCfg = Release|Any CPU
		{8371BB90-CE9D-4F4F-B03A-1F1A909C84B8}.Release|Any CPU.Build.0 = Release|Any CPU
		{8371BB90-CE9D-4F4F-B03A-1F1A909C84B8}.Release|x64.ActiveCfg = Release|Any CPU
		{8371BB90-CE9D-4F4F-B03A-1F1A909C84B8}.Release|x64.Build.0 = Release|Any CPU
		{8371BB90-CE9D-4F4F-B03A-1F1A909C84B8}.Release|x86.ActiveCfg = Release|Any CPU
		{8371BB90-CE9D-4F4F-B03A-1F1A909C84B8}.Release|x86.Build.0 = Release|Any CPU
		{49E230D3-53AB-46E8-8E27-F4B15224DAD4}.Debug|Any CPU.ActiveCfg = Debug|Any CPU
		{49E230D3-53AB-46E8-8E27-F4B15224DAD4}.Debug|Any CPU.Build.0 = Debug|Any CPU
		{49E230D3-53AB-46E8-8E27-F4B15224DAD4}.Debug|x64.ActiveCfg = Debug|Any CPU
		{49E230D3-53AB-46E8-8E27-F4B15224DAD4}.Debug|x64.Build.0 = Debug|Any CPU
		{49E230D3-53AB-46E8-8E27-F4B15224DAD4}.Debug|x86.ActiveCfg = Debug|Any CPU
		{49E230D3-53AB-46E8-8E27-F4B15224DAD4}.Debug|x86.Build.0 = Debug|Any CPU
		{49E230D3-53AB-46E8-8E27-F4B15224DAD4}.Release|Any CPU.ActiveCfg = Release|Any CPU
		{49E230D3-53AB-46E8-8E27-F4B15224DAD4}.Release|Any CPU.Build.0 = Release|Any CPU
		{49E230D3-53AB-46E8-8E27-F4B15224DAD4}.Release|x64.ActiveCfg = Release|Any CPU
		{49E230D3-53AB-46E8-8E27-F4B15224DAD4}.Release|x64.Build.0 = Release|Any CPU
		{49E230D3-53AB-46E8-8E27-F4B15224DAD4}.Release|x86.ActiveCfg = Release|Any CPU
		{49E230D3-53AB-46E8-8E27-F4B15224DAD4}.Release|x86.Build.0 = Release|Any CPU
		{75361587-F43A-4F11-BB82-24C2A9F3C237}.Debug|Any CPU.ActiveCfg = Debug|Any CPU
		{75361587-F43A-4F11-BB82-24C2A9F3C237}.Debug|Any CPU.Build.0 = Debug|Any CPU
		{75361587-F43A-4F11-BB82-24C2A9F3C237}.Debug|x64.ActiveCfg = Debug|Any CPU
		{75361587-F43A-4F11-BB82-24C2A9F3C237}.Debug|x64.Build.0 = Debug|Any CPU
		{75361587-F43A-4F11-BB82-24C2A9F3C237}.Debug|x86.ActiveCfg = Debug|Any CPU
		{75361587-F43A-4F11-BB82-24C2A9F3C237}.Debug|x86.Build.0 = Debug|Any CPU
		{75361587-F43A-4F11-BB82-24C2A9F3C237}.Release|Any CPU.ActiveCfg = Release|Any CPU
		{75361587-F43A-4F11-BB82-24C2A9F3C237}.Release|Any CPU.Build.0 = Release|Any CPU
		{75361587-F43A-4F11-BB82-24C2A9F3C237}.Release|x64.ActiveCfg = Release|Any CPU
		{75361587-F43A-4F11-BB82-24C2A9F3C237}.Release|x64.Build.0 = Release|Any CPU
		{75361587-F43A-4F11-BB82-24C2A9F3C237}.Release|x86.ActiveCfg = Release|Any CPU
		{75361587-F43A-4F11-BB82-24C2A9F3C237}.Release|x86.Build.0 = Release|Any CPU
		{C5EC94C4-9E3C-4583-9E9B-821E91BEE137}.Debug|Any CPU.ActiveCfg = Debug|Any CPU
		{C5EC94C4-9E3C-4583-9E9B-821E91BEE137}.Debug|Any CPU.Build.0 = Debug|Any CPU
		{C5EC94C4-9E3C-4583-9E9B-821E91BEE137}.Debug|x64.ActiveCfg = Debug|Any CPU
		{C5EC94C4-9E3C-4583-9E9B-821E91BEE137}.Debug|x64.Build.0 = Debug|Any CPU
		{C5EC94C4-9E3C-4583-9E9B-821E91BEE137}.Debug|x86.ActiveCfg = Debug|Any CPU
		{C5EC94C4-9E3C-4583-9E9B-821E91BEE137}.Debug|x86.Build.0 = Debug|Any CPU
		{C5EC94C4-9E3C-4583-9E9B-821E91BEE137}.Release|Any CPU.ActiveCfg = Release|Any CPU
		{C5EC94C4-9E3C-4583-9E9B-821E91BEE137}.Release|Any CPU.Build.0 = Release|Any CPU
		{C5EC94C4-9E3C-4583-9E9B-821E91BEE137}.Release|x64.ActiveCfg = Release|Any CPU
		{C5EC94C4-9E3C-4583-9E9B-821E91BEE137}.Release|x64.Build.0 = Release|Any CPU
		{C5EC94C4-9E3C-4583-9E9B-821E91BEE137}.Release|x86.ActiveCfg = Release|Any CPU
		{C5EC94C4-9E3C-4583-9E9B-821E91BEE137}.Release|x86.Build.0 = Release|Any CPU
		{0FE22DAA-FE25-4D10-8F26-2182DAAAD157}.Debug|Any CPU.ActiveCfg = Debug|Any CPU
		{0FE22DAA-FE25-4D10-8F26-2182DAAAD157}.Debug|Any CPU.Build.0 = Debug|Any CPU
		{0FE22DAA-FE25-4D10-8F26-2182DAAAD157}.Debug|x64.ActiveCfg = Debug|Any CPU
		{0FE22DAA-FE25-4D10-8F26-2182DAAAD157}.Debug|x64.Build.0 = Debug|Any CPU
		{0FE22DAA-FE25-4D10-8F26-2182DAAAD157}.Debug|x86.ActiveCfg = Debug|Any CPU
		{0FE22DAA-FE25-4D10-8F26-2182DAAAD157}.Debug|x86.Build.0 = Debug|Any CPU
		{0FE22DAA-FE25-4D10-8F26-2182DAAAD157}.Release|Any CPU.ActiveCfg = Release|Any CPU
		{0FE22DAA-FE25-4D10-8F26-2182DAAAD157}.Release|Any CPU.Build.0 = Release|Any CPU
		{0FE22DAA-FE25-4D10-8F26-2182DAAAD157}.Release|x64.ActiveCfg = Release|Any CPU
		{0FE22DAA-FE25-4D10-8F26-2182DAAAD157}.Release|x64.Build.0 = Release|Any CPU
		{0FE22DAA-FE25-4D10-8F26-2182DAAAD157}.Release|x86.ActiveCfg = Release|Any CPU
		{0FE22DAA-FE25-4D10-8F26-2182DAAAD157}.Release|x86.Build.0 = Release|Any CPU
		{467B82C1-69B8-46C0-8189-2DAEC5316A98}.Debug|Any CPU.ActiveCfg = Debug|Any CPU
		{467B82C1-69B8-46C0-8189-2DAEC5316A98}.Debug|Any CPU.Build.0 = Debug|Any CPU
		{467B82C1-69B8-46C0-8189-2DAEC5316A98}.Debug|x64.ActiveCfg = Debug|Any CPU
		{467B82C1-69B8-46C0-8189-2DAEC5316A98}.Debug|x64.Build.0 = Debug|Any CPU
		{467B82C1-69B8-46C0-8189-2DAEC5316A98}.Debug|x86.ActiveCfg = Debug|Any CPU
		{467B82C1-69B8-46C0-8189-2DAEC5316A98}.Debug|x86.Build.0 = Debug|Any CPU
		{467B82C1-69B8-46C0-8189-2DAEC5316A98}.Release|Any CPU.ActiveCfg = Release|Any CPU
		{467B82C1-69B8-46C0-8189-2DAEC5316A98}.Release|Any CPU.Build.0 = Release|Any CPU
		{467B82C1-69B8-46C0-8189-2DAEC5316A98}.Release|x64.ActiveCfg = Release|Any CPU
		{467B82C1-69B8-46C0-8189-2DAEC5316A98}.Release|x64.Build.0 = Release|Any CPU
		{467B82C1-69B8-46C0-8189-2DAEC5316A98}.Release|x86.ActiveCfg = Release|Any CPU
		{467B82C1-69B8-46C0-8189-2DAEC5316A98}.Release|x86.Build.0 = Release|Any CPU
		{D60F18CA-74C1-4E2B-815E-B41FADAE0D5A}.Debug|Any CPU.ActiveCfg = Debug|Any CPU
		{D60F18CA-74C1-4E2B-815E-B41FADAE0D5A}.Debug|Any CPU.Build.0 = Debug|Any CPU
		{D60F18CA-74C1-4E2B-815E-B41FADAE0D5A}.Debug|x64.ActiveCfg = Debug|Any CPU
		{D60F18CA-74C1-4E2B-815E-B41FADAE0D5A}.Debug|x64.Build.0 = Debug|Any CPU
		{D60F18CA-74C1-4E2B-815E-B41FADAE0D5A}.Debug|x86.ActiveCfg = Debug|Any CPU
		{D60F18CA-74C1-4E2B-815E-B41FADAE0D5A}.Debug|x86.Build.0 = Debug|Any CPU
		{D60F18CA-74C1-4E2B-815E-B41FADAE0D5A}.Release|Any CPU.ActiveCfg = Release|Any CPU
		{D60F18CA-74C1-4E2B-815E-B41FADAE0D5A}.Release|Any CPU.Build.0 = Release|Any CPU
		{D60F18CA-74C1-4E2B-815E-B41FADAE0D5A}.Release|x64.ActiveCfg = Release|Any CPU
		{D60F18CA-74C1-4E2B-815E-B41FADAE0D5A}.Release|x64.Build.0 = Release|Any CPU
		{D60F18CA-74C1-4E2B-815E-B41FADAE0D5A}.Release|x86.ActiveCfg = Release|Any CPU
		{D60F18CA-74C1-4E2B-815E-B41FADAE0D5A}.Release|x86.Build.0 = Release|Any CPU
		{EC4C6046-FD46-4F7E-8226-B6B9AA77AE7F}.Debug|Any CPU.ActiveCfg = Debug|Any CPU
		{EC4C6046-FD46-4F7E-8226-B6B9AA77AE7F}.Debug|Any CPU.Build.0 = Debug|Any CPU
		{EC4C6046-FD46-4F7E-8226-B6B9AA77AE7F}.Debug|x64.ActiveCfg = Debug|Any CPU
		{EC4C6046-FD46-4F7E-8226-B6B9AA77AE7F}.Debug|x64.Build.0 = Debug|Any CPU
		{EC4C6046-FD46-4F7E-8226-B6B9AA77AE7F}.Debug|x86.ActiveCfg = Debug|Any CPU
		{EC4C6046-FD46-4F7E-8226-B6B9AA77AE7F}.Debug|x86.Build.0 = Debug|Any CPU
		{EC4C6046-FD46-4F7E-8226-B6B9AA77AE7F}.Release|Any CPU.ActiveCfg = Release|Any CPU
		{EC4C6046-FD46-4F7E-8226-B6B9AA77AE7F}.Release|Any CPU.Build.0 = Release|Any CPU
		{EC4C6046-FD46-4F7E-8226-B6B9AA77AE7F}.Release|x64.ActiveCfg = Release|Any CPU
		{EC4C6046-FD46-4F7E-8226-B6B9AA77AE7F}.Release|x64.Build.0 = Release|Any CPU
		{EC4C6046-FD46-4F7E-8226-B6B9AA77AE7F}.Release|x86.ActiveCfg = Release|Any CPU
		{EC4C6046-FD46-4F7E-8226-B6B9AA77AE7F}.Release|x86.Build.0 = Release|Any CPU
		{2F19DEC9-713E-4748-87FE-3A9BDC885E5F}.Debug|Any CPU.ActiveCfg = Debug|Any CPU
		{2F19DEC9-713E-4748-87FE-3A9BDC885E5F}.Debug|Any CPU.Build.0 = Debug|Any CPU
		{2F19DEC9-713E-4748-87FE-3A9BDC885E5F}.Debug|x64.ActiveCfg = Debug|Any CPU
		{2F19DEC9-713E-4748-87FE-3A9BDC885E5F}.Debug|x64.Build.0 = Debug|Any CPU
		{2F19DEC9-713E-4748-87FE-3A9BDC885E5F}.Debug|x86.ActiveCfg = Debug|Any CPU
		{2F19DEC9-713E-4748-87FE-3A9BDC885E5F}.Debug|x86.Build.0 = Debug|Any CPU
		{2F19DEC9-713E-4748-87FE-3A9BDC885E5F}.Release|Any CPU.ActiveCfg = Release|Any CPU
		{2F19DEC9-713E-4748-87FE-3A9BDC885E5F}.Release|Any CPU.Build.0 = Release|Any CPU
		{2F19DEC9-713E-4748-87FE-3A9BDC885E5F}.Release|x64.ActiveCfg = Release|Any CPU
		{2F19DEC9-713E-4748-87FE-3A9BDC885E5F}.Release|x64.Build.0 = Release|Any CPU
		{2F19DEC9-713E-4748-87FE-3A9BDC885E5F}.Release|x86.ActiveCfg = Release|Any CPU
		{2F19DEC9-713E-4748-87FE-3A9BDC885E5F}.Release|x86.Build.0 = Release|Any CPU
	EndGlobalSection
	GlobalSection(SolutionProperties) = preSolution
		HideSolutionNode = FALSE
	EndGlobalSection
	GlobalSection(NestedProjects) = preSolution
		{1CB8723C-AE97-410C-900C-B501BE316F2A} = {87CEDBD3-E2BA-49BD-9B8B-45498D3CD502}
		{B75643DC-67D9-4843-9997-4DA0FF72AE8D} = {87CEDBD3-E2BA-49BD-9B8B-45498D3CD502}
		{1E1935CC-B48A-4AD9-9399-4E718C73FF66} = {87CEDBD3-E2BA-49BD-9B8B-45498D3CD502}
		{829F4A9A-60F9-46D7-A5BD-B7294B7E7AF9} = {87CEDBD3-E2BA-49BD-9B8B-45498D3CD502}
		{8371BB90-CE9D-4F4F-B03A-1F1A909C84B8} = {87CEDBD3-E2BA-49BD-9B8B-45498D3CD502}
		{49E230D3-53AB-46E8-8E27-F4B15224DAD4} = {87CEDBD3-E2BA-49BD-9B8B-45498D3CD502}
		{2F19DEC9-713E-4748-87FE-3A9BDC885E5F} = {87CEDBD3-E2BA-49BD-9B8B-45498D3CD502}
	EndGlobalSection
	GlobalSection(ExtensibilityGlobals) = postSolution
		SolutionGuid = {7297671D-A216-4EDA-86C9-E6854413CEC0}
	EndGlobalSection
EndGlobal
